PODS:
  - Alamofire (4.4.0)
  - SearchTextField (1.1.0)

DEPENDENCIES:
  - Alamofire
  - SearchTextField

SPEC CHECKSUMS:
  Alamofire: dc44b1600b800eb63da6a19039a0083d62a6a62d
  SearchTextField: 5daab6cecfd90e06f9b08b2814593656c0c99f3d

PODFILE CHECKSUM: 487b618b0981d102f059968f77b6b67ece05642b

COCOAPODS: 1.2.0
